{
  "name": "time-marketplace-contracts",
  "version": "1.0.0",
  "lockfileVersion": 3,
  "requires": true,
  "packages": {
    "": {
      "name": "time-marketplace-contracts",
      "version": "1.0.0",
      "dependencies": {
        "ethers": "^6.14.0"
      },
      "devDependencies": {
        "@nomicfoundation/hardhat-toolbox": "^5.0.0",
        "@nomicfoundation/hardhat-network-helpers": "^1.0.8",
        "@nomicfoundation/hardhat-verify": "^2.0.0",
        "@typechain/ethers": "^8.3.0",
        "@typechain/hardhat": "^9.1.0",
        "@types/chai": "^4.3.9",
        "@types/mocha": "^10.0.1",
        "@types/node": "^20.10.0",
        "chai": "^4.3.7",
        "ethers": "^6.14.0",
        "hardhat": "^2.22.9",
        "typechain": "^8.3.0",
        "typescript": "^5.3.3"
      }
    }
  }
}


